
Microsoft Visual Studio Solution File, Format Version 12.00
# Visual Studio 2013
VisualStudioVersion = 12.0.21005.1
MinimumVisualStudioVersion = 10.0.40219.1
Project("{FAE04EC0-301F-11D3-BF4B-00C04F79EFBC}") = "NHibernate.AspNet.Identity", "NHibernate.AspNet.Identity\NHibernate.AspNet.Identity.csproj", "{C620FAAE-F1B6-479E-9959-C46C20ED0A8A}"
EndProject
Project("{2150E333-8FDC-42A3-9474-1A3956D46DE8}") = ".nuget", ".nuget", "{B4B93010-9348-456C-9F18-1305854364F9}"
	ProjectSection(SolutionItems) = preProject
		.nuget\NuGet.Config = .nuget\NuGet.Config
		.nuget\NuGet.targets = .nuget\NuGet.targets
	EndProjectSection
EndProject
Project("{FAE04EC0-301F-11D3-BF4B-00C04F79EFBC}") = "NHibernate.AspNet.Identity.Tests", "NHibernate.AspNet.Identity.Tests\NHibernate.AspNet.Identity.Tests.csproj", "{4AB55157-6F8F-423C-9C6F-A3A92B2101CE}"
EndProject
Global
	GlobalSection(SolutionConfigurationPlatforms) = preSolution
		Debug|Any CPU = Debug|Any CPU
		Debug|Mixed Platforms = Debug|Mixed Platforms
		Debug|x86 = Debug|x86
		Release|Any CPU = Release|Any CPU
		Release|Mixed Platforms = Release|Mixed Platforms
		Release|x86 = Release|x86
	EndGlobalSection
	GlobalSection(ProjectConfigurationPlatforms) = postSolution
		{C620FAAE-F1B6-479E-9959-C46C20ED0A8A}.Debug|Any CPU.ActiveCfg = Debug|Any CPU
		{C620FAAE-F1B6-479E-9959-C46C20ED0A8A}.Debug|Any CPU.Build.0 = Debug|Any CPU
		{C620FAAE-F1B6-479E-9959-C46C20ED0A8A}.Debug|Mixed Platforms.ActiveCfg = Debug|Any CPU
		{C620FAAE-F1B6-479E-9959-C46C20ED0A8A}.Debug|Mixed Platforms.Build.0 = Debug|Any CPU
		{C620FAAE-F1B6-479E-9959-C46C20ED0A8A}.Debug|x86.ActiveCfg = Debug|Any CPU
		{C620FAAE-F1B6-479E-9959-C46C20ED0A8A}.Release|Any CPU.ActiveCfg = Release|Any CPU
		{C620FAAE-F1B6-479E-9959-C46C20ED0A8A}.Release|Any CPU.Build.0 = Release|Any CPU
		{C620FAAE-F1B6-479E-9959-C46C20ED0A8A}.Release|Mixed Platforms.ActiveCfg = Release|Any CPU
		{C620FAAE-F1B6-479E-9959-C46C20ED0A8A}.Release|Mixed Platforms.Build.0 = Release|Any CPU
		{C620FAAE-F1B6-479E-9959-C46C20ED0A8A}.Release|x86.ActiveCfg = Release|Any CPU
		{4AB55157-6F8F-423C-9C6F-A3A92B2101CE}.Debug|Any CPU.ActiveCfg = Debug|Any CPU
		{4AB55157-6F8F-423C-9C6F-A3A92B2101CE}.Debug|Any CPU.Build.0 = Debug|Any CPU
		{4AB55157-6F8F-423C-9C6F-A3A92B2101CE}.Debug|Mixed Platforms.ActiveCfg = Debug|Any CPU
		{4AB55157-6F8F-423C-9C6F-A3A92B2101CE}.Debug|Mixed Platforms.Build.0 = Debug|Any CPU
		{4AB55157-6F8F-423C-9C6F-A3A92B2101CE}.Debug|x86.ActiveCfg = Debug|Any CPU
		{4AB55157-6F8F-423C-9C6F-A3A92B2101CE}.Release|Any CPU.ActiveCfg = Release|Any CPU
		{4AB55157-6F8F-423C-9C6F-A3A92B2101CE}.Release|Any CPU.Build.0 = Release|Any CPU
		{4AB55157-6F8F-423C-9C6F-A3A92B2101CE}.Release|Mixed Platforms.ActiveCfg = Release|Any CPU
		{4AB55157-6F8F-423C-9C6F-A3A92B2101CE}.Release|Mixed Platforms.Build.0 = Release|Any CPU
		{4AB55157-6F8F-423C-9C6F-A3A92B2101CE}.Release|x86.ActiveCfg = Release|Any CPU
	EndGlobalSection
	GlobalSection(SolutionProperties) = preSolution
		HideSolutionNode = FALSE
	EndGlobalSection
EndGlobal
